
Microsoft Visual Studio Solution File, Format Version 12.00
# Visual Studio Version 17
VisualStudioVersion = 17.13.35818.85
MinimumVisualStudioVersion = 10.0.40219.1
Project("{FAE04EC0-301F-11D3-BF4B-00C04F79EFBC}") = "CategoriesService", "CategoriesService\CategoriesService.csproj", "{3A071E59-277A-49E7-9267-58AE55F895B2}"
EndProject
Project("{FAE04EC0-301F-11D3-BF4B-00C04F79EFBC}") = "CategoriesService.Tests", "CategoriesService.Tests\CategoriesService.Tests.csproj", "{12CA4EED-44BA-2E73-1EB3-BCC6FC258582}"
EndProject
Project("{FAE04EC0-301F-11D3-BF4B-00C04F79EFBC}") = "TransactionsService", "TransactionsService\TransactionsService.csproj", "{D097EDD3-87C2-4419-817B-695F6854C66B}"
EndProject
Project("{FAE04EC0-301F-11D3-BF4B-00C04F79EFBC}") = "TransactionsService.Tests", "TransactionsService.Tests\TransactionsService.Tests.csproj", "{CFF6E081-65E9-48C5-A5B3-602DAB2131A2}"
EndProject
Project("{FAE04EC0-301F-11D3-BF4B-00C04F79EFBC}") = "ReportingService", "ReportingService\ReportingService.csproj", "{261CC13B-6643-B55E-98AE-FAEDDC1FB840}"
EndProject
Project("{FAE04EC0-301F-11D3-BF4B-00C04F79EFBC}") = "ReportingService.Tests", "ReportingService.Tests\ReportingService.Tests.csproj", "{D866946B-A0C4-7C04-4DC3-EFB1C2310988}"
EndProject
Project("{FAE04EC0-301F-11D3-BF4B-00C04F79EFBC}") = "APIGateway", "APIGateway\APIGateway.csproj", "{7D451302-553C-4D6A-B846-4E12F91B5C16}"
EndProject
Project("{FAE04EC0-301F-11D3-BF4B-00C04F79EFBC}") = "Messaging", "Messaging\Messaging.csproj", "{734B7FAA-5122-48EA-9F91-C3CBB6C67B2E}"
EndProject
Project("{FAE04EC0-301F-11D3-BF4B-00C04F79EFBC}") = "Messaging.Tests", "Messaging.Tests\Messaging.Tests.csproj", "{49AC166B-F8DB-4E0A-96F5-0A09F51B27D8}"
EndProject
Global
	GlobalSection(SolutionConfigurationPlatforms) = preSolution
		Debug|Any CPU = Debug|Any CPU
		Release|Any CPU = Release|Any CPU
	EndGlobalSection
	GlobalSection(ProjectConfigurationPlatforms) = postSolution
		{3A071E59-277A-49E7-9267-58AE55F895B2}.Debug|Any CPU.ActiveCfg = Debug|Any CPU
		{3A071E59-277A-49E7-9267-58AE55F895B2}.Debug|Any CPU.Build.0 = Debug|Any CPU
		{3A071E59-277A-49E7-9267-58AE55F895B2}.Release|Any CPU.ActiveCfg = Release|Any CPU
		{3A071E59-277A-49E7-9267-58AE55F895B2}.Release|Any CPU.Build.0 = Release|Any CPU
		{12CA4EED-44BA-2E73-1EB3-BCC6FC258582}.Debug|Any CPU.ActiveCfg = Debug|Any CPU
		{12CA4EED-44BA-2E73-1EB3-BCC6FC258582}.Debug|Any CPU.Build.0 = Debug|Any CPU
		{12CA4EED-44BA-2E73-1EB3-BCC6FC258582}.Release|Any CPU.ActiveCfg = Release|Any CPU
		{12CA4EED-44BA-2E73-1EB3-BCC6FC258582}.Release|Any CPU.Build.0 = Release|Any CPU
		{D097EDD3-87C2-4419-817B-695F6854C66B}.Debug|Any CPU.ActiveCfg = Debug|Any CPU
		{D097EDD3-87C2-4419-817B-695F6854C66B}.Debug|Any CPU.Build.0 = Debug|Any CPU
		{D097EDD3-87C2-4419-817B-695F6854C66B}.Release|Any CPU.ActiveCfg = Release|Any CPU
		{D097EDD3-87C2-4419-817B-695F6854C66B}.Release|Any CPU.Build.0 = Release|Any CPU
		{CFF6E081-65E9-48C5-A5B3-602DAB2131A2}.Debug|Any CPU.ActiveCfg = Debug|Any CPU
		{CFF6E081-65E9-48C5-A5B3-602DAB2131A2}.Debug|Any CPU.Build.0 = Debug|Any CPU
		{CFF6E081-65E9-48C5-A5B3-602DAB2131A2}.Release|Any CPU.ActiveCfg = Release|Any CPU
		{CFF6E081-65E9-48C5-A5B3-602DAB2131A2}.Release|Any CPU.Build.0 = Release|Any CPU
		{261CC13B-6643-B55E-98AE-FAEDDC1FB840}.Debug|Any CPU.ActiveCfg = Debug|Any CPU
		{261CC13B-6643-B55E-98AE-FAEDDC1FB840}.Debug|Any CPU.Build.0 = Debug|Any CPU
		{261CC13B-6643-B55E-98AE-FAEDDC1FB840}.Release|Any CPU.ActiveCfg = Release|Any CPU
		{261CC13B-6643-B55E-98AE-FAEDDC1FB840}.Release|Any CPU.Build.0 = Release|Any CPU
		{D866946B-A0C4-7C04-4DC3-EFB1C2310988}.Debug|Any CPU.ActiveCfg = Debug|Any CPU
		{D866946B-A0C4-7C04-4DC3-EFB1C2310988}.Debug|Any CPU.Build.0 = Debug|Any CPU
		{D866946B-A0C4-7C04-4DC3-EFB1C2310988}.Release|Any CPU.ActiveCfg = Release|Any CPU
		{D866946B-A0C4-7C04-4DC3-EFB1C2310988}.Release|Any CPU.Build.0 = Release|Any CPU
		{7D451302-553C-4D6A-B846-4E12F91B5C16}.Debug|Any CPU.ActiveCfg = Debug|Any CPU
		{7D451302-553C-4D6A-B846-4E12F91B5C16}.Debug|Any CPU.Build.0 = Debug|Any CPU
		{7D451302-553C-4D6A-B846-4E12F91B5C16}.Release|Any CPU.ActiveCfg = Release|Any CPU
		{7D451302-553C-4D6A-B846-4E12F91B5C16}.Release|Any CPU.Build.0 = Release|Any CPU
		{734B7FAA-5122-48EA-9F91-C3CBB6C67B2E}.Debug|Any CPU.ActiveCfg = Debug|Any CPU
		{734B7FAA-5122-48EA-9F91-C3CBB6C67B2E}.Debug|Any CPU.Build.0 = Debug|Any CPU
		{734B7FAA-5122-48EA-9F91-C3CBB6C67B2E}.Release|Any CPU.ActiveCfg = Release|Any CPU
		{734B7FAA-5122-48EA-9F91-C3CBB6C67B2E}.Release|Any CPU.Build.0 = Release|Any CPU
		{49AC166B-F8DB-4E0A-96F5-0A09F51B27D8}.Debug|Any CPU.ActiveCfg = Debug|Any CPU
		{49AC166B-F8DB-4E0A-96F5-0A09F51B27D8}.Debug|Any CPU.Build.0 = Debug|Any CPU
		{49AC166B-F8DB-4E0A-96F5-0A09F51B27D8}.Release|Any CPU.ActiveCfg = Release|Any CPU
		{49AC166B-F8DB-4E0A-96F5-0A09F51B27D8}.Release|Any CPU.Build.0 = Release|Any CPU
	EndGlobalSection
	GlobalSection(SolutionProperties) = preSolution
		HideSolutionNode = FALSE
	EndGlobalSection
	GlobalSection(ExtensibilityGlobals) = postSolution
		SolutionGuid = {6517DC17-FF25-42C5-B245-0B2710035ACD}
	EndGlobalSection
EndGlobal
